
Microsoft Visual Studio Solution File, Format Version 12.00
# Visual Studio Version 16
VisualStudioVersion = 16.0.31229.75
MinimumVisualStudioVersion = 10.0.40219.1
Project("{8BC9CEB8-8B4A-11D0-8D11-00A0C91BC942}") = "Project1", "Project1.vcxproj", "{BB6E5FBC-D650-472F-9B07-EE6575BD1B80}"
EndProject
Project("{8BC9CEB8-8B4A-11D0-8D11-00A0C91BC942}") = "Project2", "..\Project2\Project2.vcxproj", "{AC160B0E-1EF2-4A70-B147-FF4F573582C3}"
EndProject
Project("{8BC9CEB8-8B4A-11D0-8D11-00A0C91BC942}") = "Project3", "..\Project3\Project3.vcxproj", "{2E8A35F3-3C82-4781-8C88-74B3B5DEB4FA}"
EndProject
Project("{8BC9CEB8-8B4A-11D0-8D11-00A0C91BC942}") = "Project4", "..\Project4\Project4.vcxproj", "{634F79EB-C7FC-47CE-9953-B0734B27E57A}"
EndProject
Project("{8BC9CEB8-8B4A-11D0-8D11-00A0C91BC942}") = "Project5", "..\Project5\Project5.vcxproj", "{8DF6BC42-51B1-49DC-9586-F28CF5BA369F}"
EndProject
Global
	GlobalSection(SolutionConfigurationPlatforms) = preSolution
		Debug|x64 = Debug|x64
		Debug|x86 = Debug|x86
		Release|x64 = Release|x64
		Release|x86 = Release|x86
	EndGlobalSection
	GlobalSection(ProjectConfigurationPlatforms) = postSolution
		{BB6E5FBC-D650-472F-9B07-EE6575BD1B80}.Debug|x64.ActiveCfg = Debug|x64
		{BB6E5FBC-D650-472F-9B07-EE6575BD1B80}.Debug|x64.Build.0 = Debug|x64
		{BB6E5FBC-D650-472F-9B07-EE6575BD1B80}.Debug|x86.ActiveCfg = Debug|Win32
		{BB6E5FBC-D650-472F-9B07-EE6575BD1B80}.Debug|x86.Build.0 = Debug|Win32
		{BB6E5FBC-D650-472F-9B07-EE6575BD1B80}.Release|x64.ActiveCfg = Release|x64
		{BB6E5FBC-D650-472F-9B07-EE6575BD1B80}.Release|x64.Build.0 = Release|x64
		{BB6E5FBC-D650-472F-9B07-EE6575BD1B80}.Release|x86.ActiveCfg = Release|Win32
		{BB6E5FBC-D650-472F-9B07-EE6575BD1B80}.Release|x86.Build.0 = Release|Win32
		{AC160B0E-1EF2-4A70-B147-FF4F573582C3}.Debug|x64.ActiveCfg = Debug|x64
		{AC160B0E-1EF2-4A70-B147-FF4F573582C3}.Debug|x64.Build.0 = Debug|x64
		{AC160B0E-1EF2-4A70-B147-FF4F573582C3}.Debug|x86.ActiveCfg = Debug|Win32
		{AC160B0E-1EF2-4A70-B147-FF4F573582C3}.Debug|x86.Build.0 = Debug|Win32
		{AC160B0E-1EF2-4A70-B147-FF4F573582C3}.Release|x64.ActiveCfg = Release|x64
		{AC160B0E-1EF2-4A70-B147-FF4F573582C3}.Release|x64.Build.0 = Release|x64
		{AC160B0E-1EF2-4A70-B147-FF4F573582C3}.Release|x86.ActiveCfg = Release|Win32
		{AC160B0E-1EF2-4A70-B147-FF4F573582C3}.Release|x86.Build.0 = Release|Win32
		{2E8A35F3-3C82-4781-8C88-74B3B5DEB4FA}.Debug|x64.ActiveCfg = Debug|x64
		{2E8A35F3-3C82-4781-8C88-74B3B5DEB4FA}.Debug|x64.Build.0 = Debug|x64
		{2E8A35F3-3C82-4781-8C88-74B3B5DEB4FA}.Debug|x86.ActiveCfg = Debug|Win32
		{2E8A35F3-3C82-4781-8C88-74B3B5DEB4FA}.Debug|x86.Build.0 = Debug|Win32
		{2E8A35F3-3C82-4781-8C88-74B3B5DEB4FA}.Release|x64.ActiveCfg = Release|x64
		{2E8A35F3-3C82-4781-8C88-74B3B5DEB4FA}.Release|x64.Build.0 = Release|x64
		{2E8A35F3-3C82-4781-8C88-74B3B5DEB4FA}.Release|x86.ActiveCfg = Release|Win32
		{2E8A35F3-3C82-4781-8C88-74B3B5DEB4FA}.Release|x86.Build.0 = Release|Win32
		{634F79EB-C7FC-47CE-9953-B0734B27E57A}.Debug|x64.ActiveCfg = Debug|x64
		{634F79EB-C7FC-47CE-9953-B0734B27E57A}.Debug|x64.Build.0 = Debug|x64
		{634F79EB-C7FC-47CE-9953-B0734B27E57A}.Debug|x86.ActiveCfg = Debug|Win32
		{634F79EB-C7FC-47CE-9953-B0734B27E57A}.Debug|x86.Build.0 = Debug|Win32
		{634F79EB-C7FC-47CE-9953-B0734B27E57A}.Release|x64.ActiveCfg = Release|x64
		{634F79EB-C7FC-47CE-9953-B0734B27E57A}.Release|x64.Build.0 = Release|x64
		{634F79EB-C7FC-47CE-9953-B0734B27E57A}.Release|x86.ActiveCfg = Release|Win32
		{634F79EB-C7FC-47CE-9953-B0734B27E57A}.Release|x86.Build.0 = Release|Win32
		{8DF6BC42-51B1-49DC-9586-F28CF5BA369F}.Debug|x64.ActiveCfg = Debug|x64
		{8DF6BC42-51B1-49DC-9586-F28CF5BA369F}.Debug|x64.Build.0 = Debug|x64
		{8DF6BC42-51B1-49DC-9586-F28CF5BA369F}.Debug|x86.ActiveCfg = Debug|Win32
		{8DF6BC42-51B1-49DC-9586-F28CF5BA369F}.Debug|x86.Build.0 = Debug|Win32
		{8DF6BC42-51B1-49DC-9586-F28CF5BA369F}.Release|x64.ActiveCfg = Release|x64
		{8DF6BC42-51B1-49DC-9586-F28CF5BA369F}.Release|x64.Build.0 = Release|x64
		{8DF6BC42-51B1-49DC-9586-F28CF5BA369F}.Release|x86.ActiveCfg = Release|Win32
		{8DF6BC42-51B1-49DC-9586-F28CF5BA369F}.Release|x86.Build.0 = Release|Win32
	EndGlobalSection
	GlobalSection(SolutionProperties) = preSolution
		HideSolutionNode = FALSE
	EndGlobalSection
	GlobalSection(ExtensibilityGlobals) = postSolution
		SolutionGuid = {C6CF21FF-03A7-41CB-B5BF-5A4D2901311E}
	EndGlobalSection
EndGlobal
